# @generated by Move, please check-in and do not edit manually.

[move]
version = 3
manifest_digest = "4F122CC21D4312B61BEB0D36725D055EAC3A7AA73CC9EB21369C80B7C380D13B"
deps_digest = "F8BBB0CCB2491CA29A3DF03D6F92277A4F3574266507ACD77214D37ECA3F3082"
dependencies = [
  { id = "Iota", name = "Iota" },
]

[[move.package]]
id = "Iota"
source = { git = "https://github.com/iotaledger/iota.git", rev = "testnet", subdir = "crates/iota-framework/packages/iota-framework" }

dependencies = [
  { id = "MoveStdlib", name = "MoveStdlib" },
]

[[move.package]]
id = "MoveStdlib"
source = { git = "https://github.com/iotaledger/iota.git", rev = "testnet", subdir = "crates/iota-framework/packages/move-stdlib" }

[move.toolchain-version]
compiler-version = "1.3.1-rc"
edition = "2024.beta"
flavor = "iota"

[env]

[env.localnet]
chain-id = "a93a1f93"
original-published-id = "0x26f528960c395669259276ae295b3432b4e2440381bb5e3330b65453c78ac7fe"
latest-published-id = "0x26f528960c395669259276ae295b3432b4e2440381bb5e3330b65453c78ac7fe"
published-version = "1"
